
Microsoft Visual Studio Solution File, Format Version 12.00
# Visual Studio Version 17
VisualStudioVersion = 17.5.33424.131
MinimumVisualStudioVersion = 10.0.40219.1
Project("{2150E333-8FDC-42A3-9474-1A3956D46DE8}") = "1 - Automation", "1 - Automation", "{4D51A6BA-3596-4D7B-8EF7-2376CA63950D}"
EndProject
Project("{2150E333-8FDC-42A3-9474-1A3956D46DE8}") = "2 - Application", "2 - Application", "{27913183-C5BB-49C2-B3F5-B8D13CCA6046}"
EndProject
Project("{2150E333-8FDC-42A3-9474-1A3956D46DE8}") = "3 - Domain", "3 - Domain", "{D8F638DF-3A9A-400E-8C1B-DA0F5B81E6A5}"
EndProject
Project("{2150E333-8FDC-42A3-9474-1A3956D46DE8}") = "4 - Infra", "4 - Infra", "{62F8F6B9-FBF9-4294-8033-F929B6131DEA}"
EndProject
Project("{2150E333-8FDC-42A3-9474-1A3956D46DE8}") = "5 - Tests", "5 - Tests", "{66801F0E-4483-4478-9171-395287415E02}"
EndProject
Project("{2150E333-8FDC-42A3-9474-1A3956D46DE8}") = "4.1 - Data", "4.1 - Data", "{34D48764-8191-492A-9212-909D6D929A8D}"
EndProject
Project("{2150E333-8FDC-42A3-9474-1A3956D46DE8}") = "4.2 - CrossCutting", "4.2 - CrossCutting", "{7203D461-0EDD-491C-ABF8-E2C1F6033FF6}"
EndProject
Project("{FAE04EC0-301F-11D3-BF4B-00C04F79EFBC}") = "Moreno.RPA_AeC.Domain", "src\Moreno.RPA_AeC.Domain\Moreno.RPA_AeC.Domain.csproj", "{0DB95792-D2E0-4AB4-B2D1-38793CF188FC}"
EndProject
Project("{FAE04EC0-301F-11D3-BF4B-00C04F79EFBC}") = "Moreno.RPA_AeC.Infra.Data", "src\Moreno.RPA_AeC.Infra.Data\Moreno.RPA_AeC.Infra.Data.csproj", "{3A12D27E-0D80-4548-902E-4A7BD8958303}"
EndProject
Project("{FAE04EC0-301F-11D3-BF4B-00C04F79EFBC}") = "Moreno.RPA_AeC.Infra.CrossCutting.IoC", "src\Moreno.RPA_AeC.Infra.CrossCutting.IoC\Moreno.RPA_AeC.Infra.CrossCutting.IoC.csproj", "{A749717B-5C8C-4957-A00B-C3B483A300F2}"
EndProject
Project("{FAE04EC0-301F-11D3-BF4B-00C04F79EFBC}") = "Moreno.RPA_AeC.UnityTests", "tests\Moreno.RPA_AeC.UnityTests\Moreno.RPA_AeC.UnityTests.csproj", "{B04E6F9D-0C5F-44E5-9982-E3F957C38CC1}"
EndProject
Project("{FAE04EC0-301F-11D3-BF4B-00C04F79EFBC}") = "Moreno.RPA_AeC.Application", "src\Moreno.RPA_AeC.Application\Moreno.RPA_AeC.Application.csproj", "{E86410D5-CFD0-4DC6-8040-1B4EF259EC3C}"
EndProject
Project("{FAE04EC0-301F-11D3-BF4B-00C04F79EFBC}") = "Moreno.RPA_AeC.Automation.Console", "src\Moreno.RPA_AeC.Automation.Console\Moreno.RPA_AeC.Automation.Console.csproj", "{C11459B0-623D-4EAC-AC6F-0BBC0B805BED}"
EndProject
Project("{2150E333-8FDC-42A3-9474-1A3956D46DE8}") = "4.3 - Rpa", "4.3 - Rpa", "{819FA728-B99F-4610-AB55-D69AC86A7FC7}"
EndProject
Project("{FAE04EC0-301F-11D3-BF4B-00C04F79EFBC}") = "Moreno.RPA_AeC.Infra.Rpa", "src\Moreno.RPA_AeC.Infra.Rpa\Moreno.RPA_AeC.Infra.Rpa.csproj", "{2DB8FEAF-FBC2-4A80-AA40-FB58037DC7E2}"
EndProject
Global
	GlobalSection(SolutionConfigurationPlatforms) = preSolution
		Debug|Any CPU = Debug|Any CPU
		Release|Any CPU = Release|Any CPU
	EndGlobalSection
	GlobalSection(ProjectConfigurationPlatforms) = postSolution
		{0DB95792-D2E0-4AB4-B2D1-38793CF188FC}.Debug|Any CPU.ActiveCfg = Debug|Any CPU
		{0DB95792-D2E0-4AB4-B2D1-38793CF188FC}.Debug|Any CPU.Build.0 = Debug|Any CPU
		{0DB95792-D2E0-4AB4-B2D1-38793CF188FC}.Release|Any CPU.ActiveCfg = Release|Any CPU
		{0DB95792-D2E0-4AB4-B2D1-38793CF188FC}.Release|Any CPU.Build.0 = Release|Any CPU
		{3A12D27E-0D80-4548-902E-4A7BD8958303}.Debug|Any CPU.ActiveCfg = Debug|Any CPU
		{3A12D27E-0D80-4548-902E-4A7BD8958303}.Debug|Any CPU.Build.0 = Debug|Any CPU
		{3A12D27E-0D80-4548-902E-4A7BD8958303}.Release|Any CPU.ActiveCfg = Release|Any CPU
		{3A12D27E-0D80-4548-902E-4A7BD8958303}.Release|Any CPU.Build.0 = Release|Any CPU
		{A749717B-5C8C-4957-A00B-C3B483A300F2}.Debug|Any CPU.ActiveCfg = Debug|Any CPU
		{A749717B-5C8C-4957-A00B-C3B483A300F2}.Debug|Any CPU.Build.0 = Debug|Any CPU
		{A749717B-5C8C-4957-A00B-C3B483A300F2}.Release|Any CPU.ActiveCfg = Release|Any CPU
		{A749717B-5C8C-4957-A00B-C3B483A300F2}.Release|Any CPU.Build.0 = Release|Any CPU
		{B04E6F9D-0C5F-44E5-9982-E3F957C38CC1}.Debug|Any CPU.ActiveCfg = Debug|Any CPU
		{B04E6F9D-0C5F-44E5-9982-E3F957C38CC1}.Debug|Any CPU.Build.0 = Debug|Any CPU
		{B04E6F9D-0C5F-44E5-9982-E3F957C38CC1}.Release|Any CPU.ActiveCfg = Release|Any CPU
		{B04E6F9D-0C5F-44E5-9982-E3F957C38CC1}.Release|Any CPU.Build.0 = Release|Any CPU
		{E86410D5-CFD0-4DC6-8040-1B4EF259EC3C}.Debug|Any CPU.ActiveCfg = Debug|Any CPU
		{E86410D5-CFD0-4DC6-8040-1B4EF259EC3C}.Debug|Any CPU.Build.0 = Debug|Any CPU
		{E86410D5-CFD0-4DC6-8040-1B4EF259EC3C}.Release|Any CPU.ActiveCfg = Release|Any CPU
		{E86410D5-CFD0-4DC6-8040-1B4EF259EC3C}.Release|Any CPU.Build.0 = Release|Any CPU
		{C11459B0-623D-4EAC-AC6F-0BBC0B805BED}.Debug|Any CPU.ActiveCfg = Debug|Any CPU
		{C11459B0-623D-4EAC-AC6F-0BBC0B805BED}.Debug|Any CPU.Build.0 = Debug|Any CPU
		{C11459B0-623D-4EAC-AC6F-0BBC0B805BED}.Release|Any CPU.ActiveCfg = Release|Any CPU
		{C11459B0-623D-4EAC-AC6F-0BBC0B805BED}.Release|Any CPU.Build.0 = Release|Any CPU
		{2DB8FEAF-FBC2-4A80-AA40-FB58037DC7E2}.Debug|Any CPU.ActiveCfg = Debug|Any CPU
		{2DB8FEAF-FBC2-4A80-AA40-FB58037DC7E2}.Debug|Any CPU.Build.0 = Debug|Any CPU
		{2DB8FEAF-FBC2-4A80-AA40-FB58037DC7E2}.Release|Any CPU.ActiveCfg = Release|Any CPU
		{2DB8FEAF-FBC2-4A80-AA40-FB58037DC7E2}.Release|Any CPU.Build.0 = Release|Any CPU
	EndGlobalSection
	GlobalSection(SolutionProperties) = preSolution
		HideSolutionNode = FALSE
	EndGlobalSection
	GlobalSection(NestedProjects) = preSolution
		{34D48764-8191-492A-9212-909D6D929A8D} = {62F8F6B9-FBF9-4294-8033-F929B6131DEA}
		{7203D461-0EDD-491C-ABF8-E2C1F6033FF6} = {62F8F6B9-FBF9-4294-8033-F929B6131DEA}
		{0DB95792-D2E0-4AB4-B2D1-38793CF188FC} = {D8F638DF-3A9A-400E-8C1B-DA0F5B81E6A5}
		{3A12D27E-0D80-4548-902E-4A7BD8958303} = {34D48764-8191-492A-9212-909D6D929A8D}
		{A749717B-5C8C-4957-A00B-C3B483A300F2} = {7203D461-0EDD-491C-ABF8-E2C1F6033FF6}
		{B04E6F9D-0C5F-44E5-9982-E3F957C38CC1} = {66801F0E-4483-4478-9171-395287415E02}
		{E86410D5-CFD0-4DC6-8040-1B4EF259EC3C} = {27913183-C5BB-49C2-B3F5-B8D13CCA6046}
		{C11459B0-623D-4EAC-AC6F-0BBC0B805BED} = {4D51A6BA-3596-4D7B-8EF7-2376CA63950D}
		{819FA728-B99F-4610-AB55-D69AC86A7FC7} = {62F8F6B9-FBF9-4294-8033-F929B6131DEA}
		{2DB8FEAF-FBC2-4A80-AA40-FB58037DC7E2} = {819FA728-B99F-4610-AB55-D69AC86A7FC7}
	EndGlobalSection
	GlobalSection(ExtensibilityGlobals) = postSolution
		SolutionGuid = {1C17135B-8487-4C8E-AB96-58F56BEAF77C}
	EndGlobalSection
EndGlobal
